
Microsoft Visual Studio Solution File, Format Version 12.00
# Visual Studio 15
VisualStudioVersion = 15.0.28307.271
MinimumVisualStudioVersion = 10.0.40219.1
Project("{8BC9CEB8-8B4A-11D0-8D11-00A0C91BC942}") = "Алгоритми сортування", "Алгоритми сортування\Алгоритми сортування.vcxproj", "{BF90F56F-18C5-4674-86D9-AC7B44046EE6}"
EndProject
Global
	GlobalSection(SolutionConfigurationPlatforms) = preSolution
		Debug|x64 = Debug|x64
		Debug|x86 = Debug|x86
		Release|x64 = Release|x64
		Release|x86 = Release|x86
	EndGlobalSection
	GlobalSection(ProjectConfigurationPlatforms) = postSolution
		{BF90F56F-18C5-4674-86D9-AC7B44046EE6}.Debug|x64.ActiveCfg = Debug|x64
		{BF90F56F-18C5-4674-86D9-AC7B44046EE6}.Debug|x64.Build.0 = Debug|x64
		{BF90F56F-18C5-4674-86D9-AC7B44046EE6}.Debug|x86.ActiveCfg = Debug|Win32
		{BF90F56F-18C5-4674-86D9-AC7B44046EE6}.Debug|x86.Build.0 = Debug|Win32
		{BF90F56F-18C5-4674-86D9-AC7B44046EE6}.Release|x64.ActiveCfg = Release|x64
		{BF90F56F-18C5-4674-86D9-AC7B44046EE6}.Release|x64.Build.0 = Release|x64
		{BF90F56F-18C5-4674-86D9-AC7B44046EE6}.Release|x86.ActiveCfg = Release|Win32
		{BF90F56F-18C5-4674-86D9-AC7B44046EE6}.Release|x86.Build.0 = Release|Win32
	EndGlobalSection
	GlobalSection(SolutionProperties) = preSolution
		HideSolutionNode = FALSE
	EndGlobalSection
	GlobalSection(ExtensibilityGlobals) = postSolution
		SolutionGuid = {6E1889CD-262C-4C97-B1DB-1A8A8554CEB9}
	EndGlobalSection
EndGlobal
